
Microsoft Visual Studio Solution File, Format Version 12.00
# Visual Studio Version 17
VisualStudioVersion = 17.13.35919.96 d17.13
MinimumVisualStudioVersion = 10.0.40219.1
Project("{FAE04EC0-301F-11D3-BF4B-00C04F79EFBC}") = "Senac.Foods", "Senac.Foods\Senac.Foods.csproj", "{887EE68E-7029-4A28-9D1C-D8DC0A868834}"
EndProject
Global
	GlobalSection(SolutionConfigurationPlatforms) = preSolution
		Debug|Any CPU = Debug|Any CPU
		Release|Any CPU = Release|Any CPU
	EndGlobalSection
	GlobalSection(ProjectConfigurationPlatforms) = postSolution
		{887EE68E-7029-4A28-9D1C-D8DC0A868834}.Debug|Any CPU.ActiveCfg = Debug|Any CPU
		{887EE68E-7029-4A28-9D1C-D8DC0A868834}.Debug|Any CPU.Build.0 = Debug|Any CPU
		{887EE68E-7029-4A28-9D1C-D8DC0A868834}.Release|Any CPU.ActiveCfg = Release|Any CPU
		{887EE68E-7029-4A28-9D1C-D8DC0A868834}.Release|Any CPU.Build.0 = Release|Any CPU
	EndGlobalSection
	GlobalSection(SolutionProperties) = preSolution
		HideSolutionNode = FALSE
	EndGlobalSection
	GlobalSection(ExtensibilityGlobals) = postSolution
		SolutionGuid = {A41FE789-53CB-4FC5-AA9B-83EA07DB6F96}
	EndGlobalSection
EndGlobal
